
Microsoft Visual Studio Solution File, Format Version 12.00
# Visual Studio Version 17
VisualStudioVersion = 17.11.35312.102
MinimumVisualStudioVersion = 10.0.40219.1
Project("{FAE04EC0-301F-11D3-BF4B-00C04F79EFBC}") = "TodoListApp", "TodoListApp\TodoListApp.csproj", "{BB4470C6-BE36-412B-A585-B5C03A466D4C}"
EndProject
Global
	GlobalSection(SolutionConfigurationPlatforms) = preSolution
		Debug|Any CPU = Debug|Any CPU
		Release|Any CPU = Release|Any CPU
	EndGlobalSection
	GlobalSection(ProjectConfigurationPlatforms) = postSolution
		{BB4470C6-BE36-412B-A585-B5C03A466D4C}.Debug|Any CPU.ActiveCfg = Debug|Any CPU
		{BB4470C6-BE36-412B-A585-B5C03A466D4C}.Debug|Any CPU.Build.0 = Debug|Any CPU
		{BB4470C6-BE36-412B-A585-B5C03A466D4C}.Debug|Any CPU.Deploy.0 = Debug|Any CPU
		{BB4470C6-BE36-412B-A585-B5C03A466D4C}.Release|Any CPU.ActiveCfg = Release|Any CPU
		{BB4470C6-BE36-412B-A585-B5C03A466D4C}.Release|Any CPU.Build.0 = Release|Any CPU
		{BB4470C6-BE36-412B-A585-B5C03A466D4C}.Release|Any CPU.Deploy.0 = Release|Any CPU
	EndGlobalSection
	GlobalSection(SolutionProperties) = preSolution
		HideSolutionNode = FALSE
	EndGlobalSection
	GlobalSection(ExtensibilityGlobals) = postSolution
		SolutionGuid = {00319227-A64E-44D6-AB07-570C526336C1}
	EndGlobalSection
EndGlobal
